{
  "originHash" : "789595fab2515ff02ece3fc6bc13379be291ea37e068ccac436632b1bf822312",
  "pins" : [
    {
      "identity" : "academy",
      "kind" : "remoteSourceControl",
      "location" : "https://github.com/sofascore/academy",
      "state" : {
        "branch" : "hw3",
        "revision" : "40141ddad6c9b88b0fd6c00c31406731f2585350"
      }
    },
    {
      "identity" : "snapkit",
      "kind" : "remoteSourceControl",
      "location" : "https://github.com/SnapKit/SnapKit",
      "state" : {
        "revision" : "2842e6e84e82eb9a8dac0100ca90d9444b0307f4",
        "version" : "5.7.1"
      }
    },
    {
      "identity" : "swiftlintplugins",
      "kind" : "remoteSourceControl",
      "location" : "https://github.com/SimplyDanny/SwiftLintPlugins",
      "state" : {
        "revision" : "8545ddf4de043e6f2051c5cf204f39ef778ebf6b",
        "version" : "0.59.1"
      }
    }
  ],
  "version" : 3
}
